
Microsoft Visual Studio Solution File, Format Version 12.00
# Visual Studio Version 17
VisualStudioVersion = 17.9.34723.18
MinimumVisualStudioVersion = 10.0.40219.1
Project("{FAE04EC0-301F-11D3-BF4B-00C04F79EFBC}") = "DoAnKiSu_ThuVien", "DoAnKiSu_ThuVien.csproj", "{F9CDAD85-DA63-4A78-BD33-E03FCCC5FADE}"
EndProject
Global
	GlobalSection(SolutionConfigurationPlatforms) = preSolution
		Debug|Any CPU = Debug|Any CPU
		Release|Any CPU = Release|Any CPU
	EndGlobalSection
	GlobalSection(ProjectConfigurationPlatforms) = postSolution
		{F9CDAD85-DA63-4A78-BD33-E03FCCC5FADE}.Debug|Any CPU.ActiveCfg = Debug|Any CPU
		{F9CDAD85-DA63-4A78-BD33-E03FCCC5FADE}.Debug|Any CPU.Build.0 = Debug|Any CPU
		{F9CDAD85-DA63-4A78-BD33-E03FCCC5FADE}.Release|Any CPU.ActiveCfg = Release|Any CPU
		{F9CDAD85-DA63-4A78-BD33-E03FCCC5FADE}.Release|Any CPU.Build.0 = Release|Any CPU
	EndGlobalSection
	GlobalSection(SolutionProperties) = preSolution
		HideSolutionNode = FALSE
	EndGlobalSection
	GlobalSection(ExtensibilityGlobals) = postSolution
		SolutionGuid = {B57180B4-72EC-419C-A811-DA011742D01A}
	EndGlobalSection
EndGlobal
